
Microsoft Visual Studio Solution File, Format Version 12.00
# Visual Studio 15
VisualStudioVersion = 15.0.27703.2000
MinimumVisualStudioVersion = 10.0.40219.1
Project("{FAE04EC0-301F-11D3-BF4B-00C04F79EFBC}") = "GoBackWithParmeter", "GoBackWithParmeter\GoBackWithParmeter.csproj", "{9E21B14D-DB9B-4DCF-8DEC-843F5C099E37}"
EndProject
Global
	GlobalSection(SolutionConfigurationPlatforms) = preSolution
		Debug|ARM = Debug|ARM
		Debug|x64 = Debug|x64
		Debug|x86 = Debug|x86
		Release|ARM = Release|ARM
		Release|x64 = Release|x64
		Release|x86 = Release|x86
	EndGlobalSection
	GlobalSection(ProjectConfigurationPlatforms) = postSolution
		{9E21B14D-DB9B-4DCF-8DEC-843F5C099E37}.Debug|ARM.ActiveCfg = Debug|ARM
		{9E21B14D-DB9B-4DCF-8DEC-843F5C099E37}.Debug|ARM.Build.0 = Debug|ARM
		{9E21B14D-DB9B-4DCF-8DEC-843F5C099E37}.Debug|ARM.Deploy.0 = Debug|ARM
		{9E21B14D-DB9B-4DCF-8DEC-843F5C099E37}.Debug|x64.ActiveCfg = Debug|x64
		{9E21B14D-DB9B-4DCF-8DEC-843F5C099E37}.Debug|x64.Build.0 = Debug|x64
		{9E21B14D-DB9B-4DCF-8DEC-843F5C099E37}.Debug|x64.Deploy.0 = Debug|x64
		{9E21B14D-DB9B-4DCF-8DEC-843F5C099E37}.Debug|x86.ActiveCfg = Debug|x86
		{9E21B14D-DB9B-4DCF-8DEC-843F5C099E37}.Debug|x86.Build.0 = Debug|x86
		{9E21B14D-DB9B-4DCF-8DEC-843F5C099E37}.Debug|x86.Deploy.0 = Debug|x86
		{9E21B14D-DB9B-4DCF-8DEC-843F5C099E37}.Release|ARM.ActiveCfg = Release|ARM
		{9E21B14D-DB9B-4DCF-8DEC-843F5C099E37}.Release|ARM.Build.0 = Release|ARM
		{9E21B14D-DB9B-4DCF-8DEC-843F5C099E37}.Release|ARM.Deploy.0 = Release|ARM
		{9E21B14D-DB9B-4DCF-8DEC-843F5C099E37}.Release|x64.ActiveCfg = Release|x64
		{9E21B14D-DB9B-4DCF-8DEC-843F5C099E37}.Release|x64.Build.0 = Release|x64
		{9E21B14D-DB9B-4DCF-8DEC-843F5C099E37}.Release|x64.Deploy.0 = Release|x64
		{9E21B14D-DB9B-4DCF-8DEC-843F5C099E37}.Release|x86.ActiveCfg = Release|x86
		{9E21B14D-DB9B-4DCF-8DEC-843F5C099E37}.Release|x86.Build.0 = Release|x86
		{9E21B14D-DB9B-4DCF-8DEC-843F5C099E37}.Release|x86.Deploy.0 = Release|x86
	EndGlobalSection
	GlobalSection(SolutionProperties) = preSolution
		HideSolutionNode = FALSE
	EndGlobalSection
	GlobalSection(ExtensibilityGlobals) = postSolution
		SolutionGuid = {6414DA54-EE92-4DC6-9CE1-1C4FF3F327F8}
	EndGlobalSection
EndGlobal
